
Microsoft Visual Studio Solution File, Format Version 12.00
# Visual Studio 14
VisualStudioVersion = 14.0.25123.0
MinimumVisualStudioVersion = 10.0.40219.1
Project("{FAE04EC0-301F-11D3-BF4B-00C04F79EFBC}") = "StudentManagerPro", "StudentManager\StudentManagerPro.csproj", "{86602566-2F39-4DB5-9B43-F6A87C397788}"
EndProject
Project("{FAE04EC0-301F-11D3-BF4B-00C04F79EFBC}") = "DAL", "DAL\DAL.csproj", "{47D5A092-F7CF-4DD9-BE07-BA24E1003444}"
EndProject
Project("{FAE04EC0-301F-11D3-BF4B-00C04F79EFBC}") = "Models", "Models\Models.csproj", "{36D270FA-8A1E-4B1B-83C1-A2830179142E}"
EndProject
Global
	GlobalSection(SolutionConfigurationPlatforms) = preSolution
		Debug|Any CPU = Debug|Any CPU
		Debug|Mixed Platforms = Debug|Mixed Platforms
		Debug|x86 = Debug|x86
		Release|Any CPU = Release|Any CPU
		Release|Mixed Platforms = Release|Mixed Platforms
		Release|x86 = Release|x86
	EndGlobalSection
	GlobalSection(ProjectConfigurationPlatforms) = postSolution
		{86602566-2F39-4DB5-9B43-F6A87C397788}.Debug|Any CPU.ActiveCfg = Debug|x86
		{86602566-2F39-4DB5-9B43-F6A87C397788}.Debug|Mixed Platforms.ActiveCfg = Debug|x86
		{86602566-2F39-4DB5-9B43-F6A87C397788}.Debug|Mixed Platforms.Build.0 = Debug|x86
		{86602566-2F39-4DB5-9B43-F6A87C397788}.Debug|x86.ActiveCfg = Debug|x86
		{86602566-2F39-4DB5-9B43-F6A87C397788}.Debug|x86.Build.0 = Debug|x86
		{86602566-2F39-4DB5-9B43-F6A87C397788}.Release|Any CPU.ActiveCfg = Release|x86
		{86602566-2F39-4DB5-9B43-F6A87C397788}.Release|Mixed Platforms.ActiveCfg = Release|x86
		{86602566-2F39-4DB5-9B43-F6A87C397788}.Release|Mixed Platforms.Build.0 = Release|x86
		{86602566-2F39-4DB5-9B43-F6A87C397788}.Release|x86.ActiveCfg = Release|x86
		{86602566-2F39-4DB5-9B43-F6A87C397788}.Release|x86.Build.0 = Release|x86
		{47D5A092-F7CF-4DD9-BE07-BA24E1003444}.Debug|Any CPU.ActiveCfg = Debug|Any CPU
		{47D5A092-F7CF-4DD9-BE07-BA24E1003444}.Debug|Any CPU.Build.0 = Debug|Any CPU
		{47D5A092-F7CF-4DD9-BE07-BA24E1003444}.Debug|Mixed Platforms.ActiveCfg = Debug|Any CPU
		{47D5A092-F7CF-4DD9-BE07-BA24E1003444}.Debug|Mixed Platforms.Build.0 = Debug|Any CPU
		{47D5A092-F7CF-4DD9-BE07-BA24E1003444}.Debug|x86.ActiveCfg = Debug|Any CPU
		{47D5A092-F7CF-4DD9-BE07-BA24E1003444}.Debug|x86.Build.0 = Debug|Any CPU
		{47D5A092-F7CF-4DD9-BE07-BA24E1003444}.Release|Any CPU.ActiveCfg = Release|Any CPU
		{47D5A092-F7CF-4DD9-BE07-BA24E1003444}.Release|Any CPU.Build.0 = Release|Any CPU
		{47D5A092-F7CF-4DD9-BE07-BA24E1003444}.Release|Mixed Platforms.ActiveCfg = Release|Any CPU
		{47D5A092-F7CF-4DD9-BE07-BA24E1003444}.Release|Mixed Platforms.Build.0 = Release|Any CPU
		{47D5A092-F7CF-4DD9-BE07-BA24E1003444}.Release|x86.ActiveCfg = Release|Any CPU
		{47D5A092-F7CF-4DD9-BE07-BA24E1003444}.Release|x86.Build.0 = Release|Any CPU
		{36D270FA-8A1E-4B1B-83C1-A2830179142E}.Debug|Any CPU.ActiveCfg = Debug|Any CPU
		{36D270FA-8A1E-4B1B-83C1-A2830179142E}.Debug|Any CPU.Build.0 = Debug|Any CPU
		{36D270FA-8A1E-4B1B-83C1-A2830179142E}.Debug|Mixed Platforms.ActiveCfg = Debug|Any CPU
		{36D270FA-8A1E-4B1B-83C1-A2830179142E}.Debug|Mixed Platforms.Build.0 = Debug|Any CPU
		{36D270FA-8A1E-4B1B-83C1-A2830179142E}.Debug|x86.ActiveCfg = Debug|Any CPU
		{36D270FA-8A1E-4B1B-83C1-A2830179142E}.Debug|x86.Build.0 = Debug|Any CPU
		{36D270FA-8A1E-4B1B-83C1-A2830179142E}.Release|Any CPU.ActiveCfg = Release|Any CPU
		{36D270FA-8A1E-4B1B-83C1-A2830179142E}.Release|Any CPU.Build.0 = Release|Any CPU
		{36D270FA-8A1E-4B1B-83C1-A2830179142E}.Release|Mixed Platforms.ActiveCfg = Release|Any CPU
		{36D270FA-8A1E-4B1B-83C1-A2830179142E}.Release|Mixed Platforms.Build.0 = Release|Any CPU
		{36D270FA-8A1E-4B1B-83C1-A2830179142E}.Release|x86.ActiveCfg = Release|Any CPU
		{36D270FA-8A1E-4B1B-83C1-A2830179142E}.Release|x86.Build.0 = Release|Any CPU
	EndGlobalSection
	GlobalSection(SolutionProperties) = preSolution
		HideSolutionNode = FALSE
	EndGlobalSection
EndGlobal
